
Microsoft Visual Studio Solution File, Format Version 12.00
# Visual Studio Version 16
VisualStudioVersion = 16.0.30907.101
MinimumVisualStudioVersion = 10.0.40219.1
Project("{2150E333-8FDC-42A3-9474-1A3956D46DE8}") = "Presentation", "Presentation", "{AC8A8658-4B4E-43DA-8FD1-DCFE8AB73521}"
EndProject
Project("{2150E333-8FDC-42A3-9474-1A3956D46DE8}") = "Microservices", "Microservices", "{21817260-2097-42CE-8FCE-B101AE4F8E77}"
EndProject
Project("{2150E333-8FDC-42A3-9474-1A3956D46DE8}") = "Domain", "Domain", "{50C42C85-294D-4BAA-AF3B-C3A5FE7C659D}"
EndProject
Project("{2150E333-8FDC-42A3-9474-1A3956D46DE8}") = "Infrastructure.Bus", "Infrastructure.Bus", "{4C663FC6-CAD4-4C11-A082-1C3FEE3A1580}"
EndProject
Project("{2150E333-8FDC-42A3-9474-1A3956D46DE8}") = "Infrastructure.IoC", "Infrastructure.IoC", "{58962DC3-517A-47D5-A8CC-9EDF310FF88E}"
EndProject
Project("{FAE04EC0-301F-11D3-BF4B-00C04F79EFBC}") = "MicroRabbit.Domain.Core", "MicroRabbit.Domain.Core\MicroRabbit.Domain.Core.csproj", "{2D02CA1A-E207-402D-B5D3-E8FD86D8D5BE}"
EndProject
Global
	GlobalSection(SolutionConfigurationPlatforms) = preSolution
		Debug|Any CPU = Debug|Any CPU
		Release|Any CPU = Release|Any CPU
	EndGlobalSection
	GlobalSection(ProjectConfigurationPlatforms) = postSolution
		{2D02CA1A-E207-402D-B5D3-E8FD86D8D5BE}.Debug|Any CPU.ActiveCfg = Debug|Any CPU
		{2D02CA1A-E207-402D-B5D3-E8FD86D8D5BE}.Debug|Any CPU.Build.0 = Debug|Any CPU
		{2D02CA1A-E207-402D-B5D3-E8FD86D8D5BE}.Release|Any CPU.ActiveCfg = Release|Any CPU
		{2D02CA1A-E207-402D-B5D3-E8FD86D8D5BE}.Release|Any CPU.Build.0 = Release|Any CPU
	EndGlobalSection
	GlobalSection(SolutionProperties) = preSolution
		HideSolutionNode = FALSE
	EndGlobalSection
	GlobalSection(NestedProjects) = preSolution
		{2D02CA1A-E207-402D-B5D3-E8FD86D8D5BE} = {50C42C85-294D-4BAA-AF3B-C3A5FE7C659D}
	EndGlobalSection
	GlobalSection(ExtensibilityGlobals) = postSolution
		SolutionGuid = {EE0850B7-8713-4011-B8CE-AFDEA87A8A4C}
	EndGlobalSection
EndGlobal
